[[package]]
category = "main"
description = "Pika Python AMQP Client Library"
name = "pika"
optional = false
python-versions = "*"
version = "1.1.0"

[package.extras]
tornado = ["tornado"]
twisted = ["twisted"]

[metadata]
content-hash = "7d8bfd9d885d67969ef3efe02dd1cffa2044c6140f41d0258052478a2fd3c95c"
lock-version = "1.0"
python-versions = "^3.8"

[metadata.files]
pika = [
    {file = "pika-1.1.0-py2.py3-none-any.whl", hash = "sha256:4e1a1a6585a41b2341992ec32aadb7a919d649eb82904fd8e4a4e0871c8cf3af"},
    {file = "pika-1.1.0.tar.gz", hash = "sha256:9fa76ba4b65034b878b2b8de90ff8660a59d925b087c5bb88f8fdbb4b64a1dbf"},
]
